lockfileVersion: '9.0'

settings:
  autoInstallPeers: true
  excludeLinksFromLockfile: false

importers:

  .:
    dependencies:
      '@henosis/platform-k8s':
        specifier: github:henosis-playground/platform#path:packages/platform-k8s
        version: https://codeload.github.com/henosis-playground/platform/tar.gz/ee1ed2d73bfa945f5568dd3b609294a3882bceed#path:packages/platform-k8s
    devDependencies:
      typescript:
        specifier: ^5.9.0
        version: 5.9.3

packages:

  '@henosis/core@https://codeload.github.com/henosis-playground/platform/tar.gz/ee1ed2d73bfa945f5568dd3b609294a3882bceed#path:packages/core':
    resolution: {gitHosted: true, integrity: sha512-sMwwbQmEdAd1h7QfXw5ST/pwQ32d0vSRJ/akcb54H0xfK4liy9yCkmgH5367uNJqYCb2lQVNLF9luzr3Yzy7Ww==, tarball: https://codeload.github.com/henosis-playground/platform/tar.gz/ee1ed2d73bfa945f5568dd3b609294a3882bceed}
    version: 0.0.0

  '@henosis/platform-k8s@https://codeload.github.com/henosis-playground/platform/tar.gz/ee1ed2d73bfa945f5568dd3b609294a3882bceed#path:packages/platform-k8s':
    resolution: {gitHosted: true, integrity: sha512-sMwwbQmEdAd1h7QfXw5ST/pwQ32d0vSRJ/akcb54H0xfK4liy9yCkmgH5367uNJqYCb2lQVNLF9luzr3Yzy7Ww==, tarball: https://codeload.github.com/henosis-playground/platform/tar.gz/ee1ed2d73bfa945f5568dd3b609294a3882bceed}
    version: 0.0.0

  typescript@5.9.3:
    resolution: {integrity: sha512-jl1vZzPDinLr9eUt3J/t7V6FgNEw9QjvBPdysz9KfQDD41fQrC2Y4vKQdiaUpFT4bXlb1RHhLpp8wtm6M5TgSw==}
    engines: {node: '>=14.17'}
    hasBin: true

  yaml@2.8.1:
    resolution: {integrity: sha512-lcYcMxX2PO9XMGvAJkJ3OsNMw+/7FKes7/hgerGUYWIoWu5j/+YQqcZr5JnPZWzOsEBgMbSbiSTn/dv/69Mkpw==}
    engines: {node: '>= 14.6'}
    hasBin: true

snapshots:

  '@henosis/core@https://codeload.github.com/henosis-playground/platform/tar.gz/ee1ed2d73bfa945f5568dd3b609294a3882bceed#path:packages/core': {}

  '@henosis/platform-k8s@https://codeload.github.com/henosis-playground/platform/tar.gz/ee1ed2d73bfa945f5568dd3b609294a3882bceed#path:packages/platform-k8s':
    dependencies:
      '@henosis/core': https://codeload.github.com/henosis-playground/platform/tar.gz/ee1ed2d73bfa945f5568dd3b609294a3882bceed#path:packages/core
      yaml: 2.8.1

  typescript@5.9.3: {}

  yaml@2.8.1: {}
